
Microsoft Visual Studio Solution File, Format Version 12.00
# Visual Studio Version 17
VisualStudioVersion = 17.5.33530.505
MinimumVisualStudioVersion = 10.0.40219.1
Project("{FAE04EC0-301F-11D3-BF4B-00C04F79EFBC}") = "personapi-dotnet", "personapi-dotnet\personapi-dotnet.csproj", "{66C03615-29FF-42F4-94C8-1EF4519B59D5}"
EndProject
Global
	GlobalSection(SolutionConfigurationPlatforms) = preSolution
		Debug|Any CPU = Debug|Any CPU
		Release|Any CPU = Release|Any CPU
	EndGlobalSection
	GlobalSection(ProjectConfigurationPlatforms) = postSolution
		{66C03615-29FF-42F4-94C8-1EF4519B59D5}.Debug|Any CPU.ActiveCfg = Debug|Any CPU
		{66C03615-29FF-42F4-94C8-1EF4519B59D5}.Debug|Any CPU.Build.0 = Debug|Any CPU
		{66C03615-29FF-42F4-94C8-1EF4519B59D5}.Release|Any CPU.ActiveCfg = Release|Any CPU
		{66C03615-29FF-42F4-94C8-1EF4519B59D5}.Release|Any CPU.Build.0 = Release|Any CPU
	EndGlobalSection
	GlobalSection(SolutionProperties) = preSolution
		HideSolutionNode = FALSE
	EndGlobalSection
	GlobalSection(ExtensibilityGlobals) = postSolution
		SolutionGuid = {DC76B20F-F51D-4BA9-9012-DC9AD5CDDFD3}
	EndGlobalSection
EndGlobal
